
Microsoft Visual Studio Solution File, Format Version 12.00
# Visual Studio Version 16
VisualStudioVersion = 16.0.30503.244
MinimumVisualStudioVersion = 10.0.40219.1
Project("{FAE04EC0-301F-11D3-BF4B-00C04F79EFBC}") = "CensusAnalyserLive", "CensusAnalyserLive.csproj", "{ABBA65B6-3EF4-428C-9D0C-58DCCEC95D38}"
EndProject
Project("{FAE04EC0-301F-11D3-BF4B-00C04F79EFBC}") = "CensusAnalyserTestLive", "..\CensusAnalyserTestLive\CensusAnalyserTestLive.csproj", "{02FE2A22-98ED-48C6-BF88-F5C462405D19}"
EndProject
Global
	GlobalSection(SolutionConfigurationPlatforms) = preSolution
		Debug|Any CPU = Debug|Any CPU
		Release|Any CPU = Release|Any CPU
	EndGlobalSection
	GlobalSection(ProjectConfigurationPlatforms) = postSolution
		{ABBA65B6-3EF4-428C-9D0C-58DCCEC95D38}.Debug|Any CPU.ActiveCfg = Debug|Any CPU
		{ABBA65B6-3EF4-428C-9D0C-58DCCEC95D38}.Debug|Any CPU.Build.0 = Debug|Any CPU
		{ABBA65B6-3EF4-428C-9D0C-58DCCEC95D38}.Release|Any CPU.ActiveCfg = Release|Any CPU
		{ABBA65B6-3EF4-428C-9D0C-58DCCEC95D38}.Release|Any CPU.Build.0 = Release|Any CPU
		{02FE2A22-98ED-48C6-BF88-F5C462405D19}.Debug|Any CPU.ActiveCfg = Debug|Any CPU
		{02FE2A22-98ED-48C6-BF88-F5C462405D19}.Debug|Any CPU.Build.0 = Debug|Any CPU
		{02FE2A22-98ED-48C6-BF88-F5C462405D19}.Release|Any CPU.ActiveCfg = Release|Any CPU
		{02FE2A22-98ED-48C6-BF88-F5C462405D19}.Release|Any CPU.Build.0 = Release|Any CPU
	EndGlobalSection
	GlobalSection(SolutionProperties) = preSolution
		HideSolutionNode = FALSE
	EndGlobalSection
	GlobalSection(ExtensibilityGlobals) = postSolution
		SolutionGuid = {489D5164-88E2-46DB-9B32-DDB6579B4B4A}
	EndGlobalSection
EndGlobal
